
Microsoft Visual Studio Solution File, Format Version 12.00
# Visual Studio Version 17
VisualStudioVersion = 17.8.34511.84
MinimumVisualStudioVersion = 10.0.40219.1
Project("{FAE04EC0-301F-11D3-BF4B-00C04F79EFBC}") = "jaminBazar_Backend", "jaminBazar_Backend\jaminBazar_Backend.csproj", "{E4BA7F4B-6714-4A26-ABF7-FC27D771EEA4}"
EndProject
Global
	GlobalSection(SolutionConfigurationPlatforms) = preSolution
		Debug|Any CPU = Debug|Any CPU
		Release|Any CPU = Release|Any CPU
	EndGlobalSection
	GlobalSection(ProjectConfigurationPlatforms) = postSolution
		{E4BA7F4B-6714-4A26-ABF7-FC27D771EEA4}.Debug|Any CPU.ActiveCfg = Debug|Any CPU
		{E4BA7F4B-6714-4A26-ABF7-FC27D771EEA4}.Debug|Any CPU.Build.0 = Debug|Any CPU
		{E4BA7F4B-6714-4A26-ABF7-FC27D771EEA4}.Release|Any CPU.ActiveCfg = Release|Any CPU
		{E4BA7F4B-6714-4A26-ABF7-FC27D771EEA4}.Release|Any CPU.Build.0 = Release|Any CPU
	EndGlobalSection
	GlobalSection(SolutionProperties) = preSolution
		HideSolutionNode = FALSE
	EndGlobalSection
	GlobalSection(ExtensibilityGlobals) = postSolution
		SolutionGuid = {C0418495-5D2A-4ACB-8E12-7827619E87A1}
	EndGlobalSection
EndGlobal
